// !$*UTF8*$!
{
	archiveVersion = 1;
	classes = {
	};
	objectVersion = 46;
	objects = {

/* Begin PBXBuildFile section */
		98BECC5A1E9D73D300CCFABB /* AppDelegate.swift in Sources */ = {isa = PBXBuildFile; fileRef = 98BECC591E9D73D300CCFABB /* AppDelegate.swift */; };
		98BECC5C1E9D73D300CCFABB /* ViewController.swift in Sources */ = {isa = PBXBuildFile; fileRef = 98BECC5B1E9D73D300CCFABB /* ViewController.swift */; };
		98BECC5F1E9D73D300CCFABB /* Main.storyboard in Resources */ = {isa = PBXBuildFile; fileRef = 98BECC5D1E9D73D300CCFABB /* Main.storyboard */; };
		98BECC621E9D73D300CCFABB /* blackout.xcdatamodeld in Sources */ = {isa = PBXBuildFile; fileRef = 98BECC601E9D73D300CCFABB /* blackout.xcdatamodeld */; };
		98BECC641E9D73D300CCFABB /* Assets.xcassets in Resources */ = {isa = PBXBuildFile; fileRef = 98BECC631E9D73D300CCFABB /* Assets.xcassets */; };
		98BECC671E9D73D300CCFABB /* LaunchScreen.storyboard in Resources */ = {isa = PBXBuildFile; fileRef = 98BECC651E9D73D300CCFABB /* LaunchScreen.storyboard */; };
/* End PBXBuildFile section */

/* Begin PBXFileReference section */
		98BECC561E9D73D300CCFABB /* blackout.app */ = {isa = PBXFileReference; explicitFileType = wrapper.application; includeInIndex = 0; path = blackout.app; sourceTree = BUILT_PRODUCTS_DIR; };
		98BECC591E9D73D300CCFABB /* AppDelegate.swift */ = {isa = PBXFileReference; lastKnownFileType = sourcecode.swift; path = AppDelegate.swift; sourceTree = "<group>"; };
		98BECC5B1E9D73D300CCFABB /* ViewController.swift */ = {isa = PBXFileReference; lastKnownFileType = sourcecode.swift; path = ViewController.swift; sourceTree = "<group>"; };
		98BECC5E1E9D73D300CCFABB /* Base */ = {isa = PBXFileReference; lastKnownFileType = file.storyboard; name = Base; path = Base.lproj/Main.storyboard; sourceTree = "<group>"; };
		98BECC611E9D73D300CCFABB /* blackout.xcdatamodel */ = {isa = PBXFileReference; lastKnownFileType = wrapper.xcdatamodel; path = blackout.xcdatamodel; sourceTree = "<group>"; };
		98BECC631E9D73D300CCFABB /* Assets.xcassets */ = {isa = PBXFileReference; lastKnownFileType = folder.assetcatalog; path = Assets.xcassets; sourceTree = "<group>"; };
		98BECC661E9D73D300CCFABB /* Base */ = {isa = PBXFileReference; lastKnownFileType = file.storyboard; name = Base; path = Base.lproj/LaunchScreen.storyboard; sourceTree = "<group>"; };
		98BECC681E9D73D300CCFABB /* Info.plist */ = {isa = PBXFileReference; lastKnownFileType = text.plist.xml; path = Info.plist; sourceTree = "<group>"; };
/* End PBXFileReference section */

/* Begin PBXFrameworksBuildPhase section */
		98BECC531E9D73D200CCFABB /* Frameworks */ = {
			isa = PBXFrameworksBuildPhase;
			buildActionMask = 2147483647;
			files = (
			);
			runOnlyForDeploymentPostprocessing = 0;
		};
/* End PBXFrameworksBuildPhase section */

/* Begin PBXGroup section */
		98BECC4D1E9D73D200CCFABB = {
			isa = PBXGroup;
			children = (
				98BECC581E9D73D300CCFABB /* blackout */,
				98BECC571E9D73D300CCFABB /* Products */,
			);
			sourceTree = "<group>";
		};
		98BECC571E9D73D300CCFABB /* Products */ = {
			isa = PBXGroup;
			children = (
				98BECC561E9D73D300CCFABB /* blackout.app */,
			);
			name = Products;
			sourceTree = "<group>";
		};
		98BECC581E9D73D300CCFABB /* blackout */ = {
			isa = PBXGroup;
			children = (
				98BECC591E9D73D300CCFABB /* AppDelegate.swift */,
				98BECC5B1E9D73D300CCFABB /* ViewController.swift */,
				98BECC5D1E9D73D300CCFABB /* Main.storyboard */,
				98BECC631E9D73D300CCFABB /* Assets.xcassets */,
				98BECC651E9D73D300CCFABB /* LaunchScreen.storyboard */,
				98BECC681E9D73D300CCFABB /* Info.plist */,
				98BECC601E9D73D300CCFABB /* blackout.xcdatamodeld */,
			);
			path = blackout;
			sourceTree = "<group>";
		};
/* End PBXGroup section */

/* Begin PBXNativeTarget section */
		98BECC551E9D73D200CCFABB /* blackout */ = {
			isa = PBXNativeTarget;
			buildConfigurationList = 98BECC6B1E9D73D300CCFABB /* Build configuration list for PBXNativeTarget "blackout" */;
			buildPhases = (
				98BECC521E9D73D200CCFABB /* Sources */,
				98BECC531E9D73D200CCFABB /* Frameworks */,
				98BECC541E9D73D200CCFABB /* Resources */,
			);
			buildRules = (
			);
			dependencies = (
			);
			name = blackout;
			productName = blackout;
			productReference = 98BECC561E9D73D300CCFABB /* blackout.app */;
			productType = "com.apple.product-type.application";
		};
/* End PBXNativeTarget section */

/* Begin PBXProject section */
		98BECC4E1E9D73D200CCFABB /* Project object */ = {
			isa = PBXProject;
			attributes = {
				LastSwiftUpdateCheck = 0820;
				LastUpgradeCheck = 0820;
				ORGANIZATIONNAME = "CROSS-A";
				TargetAttributes = {
					98BECC551E9D73D200CCFABB = {
						CreatedOnToolsVersion = 8.2.1;
						DevelopmentTeam = 29BFEDRFS6;
						ProvisioningStyle = Automatic;
					};
				};
			};
			buildConfigurationList = 98BECC511E9D73D200CCFABB /* Build configuration list for PBXProject "blackout" */;
			compatibilityVersion = "Xcode 3.2";
			developmentRegion = English;
			hasScannedForEncodings = 0;
			knownRegions = (
				en,
				Base,
			);
			mainGroup = 98BECC4D1E9D73D200CCFABB;
			productRefGroup = 98BECC571E9D73D300CCFABB /* Products */;
			projectDirPath = "";
			projectRoot = "";
			targets = (
				98BECC551E9D73D200CCFABB /* blackout */,
			);
		};
/* End PBXProject section */

/* Begin PBXResourcesBuildPhase section */
		98BECC541E9D73D200CCFABB /* Resources */ = {
			isa = PBXResourcesBuildPhase;
			buildActionMask = 2147483647;
			files = (
				98BECC671E9D73D300CCFABB /* LaunchScreen.storyboard in Resources */,
				98BECC641E9D73D300CCFABB /* Assets.xcassets in Resources */,
				98BECC5F1E9D73D300CCFABB /* Main.storyboard in Resources */,
			);
			runOnlyForDeploymentPostprocessing = 0;
		};
/* End PBXResourcesBuildPhase section */

/* Begin PBXSourcesBuildPhase section */
		98BECC521E9D73D200CCFABB /* Sources */ = {
			isa = PBXSourcesBuildPhase;
			buildActionMask = 2147483647;
			files = (
				98BECC621E9D73D300CCFABB /* blackout.xcdatamodeld in Sources */,
				98BECC5C1E9D73D300CCFABB /* ViewController.swift in Sources */,
				98BECC5A1E9D73D300CCFABB /* AppDelegate.swift in Sources */,
			);
			runOnlyForDeploymentPostprocessing = 0;
		};
/* End PBXSourcesBuildPhase section */

/* Begin PBXVariantGroup section */
		98BECC5D1E9D73D300CCFABB /* Main.storyboard */ = {
			isa = PBXVariantGroup;
			children = (
				98BECC5E1E9D73D300CCFABB /* Base */,
			);
			name = Main.storyboard;
			sourceTree = "<group>";
		};
		98BECC651E9D73D300CCFABB /* LaunchScreen.storyboard */ = {
			isa = PBXVariantGroup;
			children = (
				98BECC661E9D73D300CCFABB /* Base */,
			);
			name = LaunchScreen.storyboard;
			sourceTree = "<group>";
		};
/* End PBXVariantGroup section */

/* Begin XCBuildConfiguration section */
		98BECC691E9D73D300CCFABB /* Debug */ = {
			isa = XCBuildConfiguration;
			buildSettings = {
				ALWAYS_SEARCH_USER_PATHS = NO;
				CLANG_ANALYZER_NONNULL = YES;
				CLANG_CXX_LANGUAGE_STANDARD = "gnu++0x";
				CLANG_CXX_LIBRARY = "libc++";
				CLANG_ENABLE_MODULES = YES;
				CLANG_ENABLE_OBJC_ARC = YES;
				CLANG_WARN_BOOL_CONVERSION = YES;
				CLANG_WARN_CONSTANT_CONVERSION = YES;
				CLANG_WARN_DIRECT_OBJC_ISA_USAGE = YES_ERROR;
				CLANG_WARN_DOCUMENTATION_COMMENTS = YES;
				CLANG_WARN_EMPTY_BODY = YES;
				CLANG_WARN_ENUM_CONVERSION = YES;
				CLANG_WARN_INFINITE_RECURSION = YES;
				CLANG_WARN_INT_CONVERSION = YES;
				CLANG_WARN_OBJC_ROOT_CLASS = YES_ERROR;
				CLANG_WARN_SUSPICIOUS_MOVE = YES;
				CLANG_WARN_UNREACHABLE_CODE = YES;
				CLANG_WARN__DUPLICATE_METHOD_MATCH = YES;
				"CODE_SIGN_IDENTITY[sdk=iphoneos*]" = "iPhone Developer";
				COPY_PHASE_STRIP = NO;
				DEBUG_INFORMATION_FORMAT = dwarf;
				ENABLE_STRICT_OBJC_MSGSEND = YES;
				ENABLE_TESTABILITY = YES;
				GCC_C_LANGUAGE_STANDARD = gnu99;
				GCC_DYNAMIC_NO_PIC = NO;
				GCC_NO_COMMON_BLOCKS = YES;
				GCC_OPTIMIZATION_LEVEL = 0;
				GCC_PREPROCESSOR_DEFINITIONS = (
					"DEBUG=1",
					"$(inherited)",
				);
				GCC_WARN_64_TO_32_BIT_CONVERSION = YES;
				GCC_WARN_ABOUT_RETURN_TYPE = YES_ERROR;
				GCC_WARN_UNDECLARED_SELECTOR = YES;
				GCC_WARN_UNINITIALIZED_AUTOS = YES_AGGRESSIVE;
				GCC_WARN_UNUSED_FUNCTION = YES;
				GCC_WARN_UNUSED_VARIABLE = YES;
				IPHONEOS_DEPLOYMENT_TARGET = 10.2;
				MTL_ENABLE_DEBUG_INFO = YES;
				ONLY_ACTIVE_ARCH = YES;
				SDKROOT = iphoneos;
				SWIFT_ACTIVE_COMPILATION_CONDITIONS = DEBUG;
				SWIFT_OPTIMIZATION_LEVEL = "-Onone";
			};
			name = Debug;
		};
		98BECC6A1E9D73D300CCFABB /* Release */ = {
			isa = XCBuildConfiguration;
			buildSettings = {
				ALWAYS_SEARCH_USER_PATHS = NO;
				CLANG_ANALYZER_NONNULL = YES;
				CLANG_CXX_LANGUAGE_STANDARD = "gnu++0x";
				CLANG_CXX_LIBRARY = "libc++";
				CLANG_ENABLE_MODULES = YES;
				CLANG_ENABLE_OBJC_ARC = YES;
				CLANG_WARN_BOOL_CONVERSION = YES;
				CLANG_WARN_CONSTANT_CONVERSION = YES;
				CLANG_WARN_DIRECT_OBJC_ISA_USAGE = YES_ERROR;
				CLANG_WARN_DOCUMENTATION_COMMENTS = YES;
				CLANG_WARN_EMPTY_BODY = YES;
				CLANG_WARN_ENUM_CONVERSION = YES;
				CLANG_WARN_INFINITE_RECURSION = YES;
				CLANG_WARN_INT_CONVERSION = YES;
				CLANG_WARN_OBJC_ROOT_CLASS = YES_ERROR;
				CLANG_WARN_SUSPICIOUS_MOVE = YES;
				CLANG_WARN_UNREACHABLE_CODE = YES;
				CLANG_WARN__DUPLICATE_METHOD_MATCH = YES;
				"CODE_SIGN_IDENTITY[sdk=iphoneos*]" = "iPhone Developer";
				COPY_PHASE_STRIP = NO;
				DEBUG_INFORMATION_FORMAT = "dwarf-with-dsym";
				ENABLE_NS_ASSERTIONS = NO;
				ENABLE_STRICT_OBJC_MSGSEND = YES;
				GCC_C_LANGUAGE_STANDARD = gnu99;
				GCC_NO_COMMON_BLOCKS = YES;
				GCC_WARN_64_TO_32_BIT_CONVERSION = YES;
				GCC_WARN_ABOUT_RETURN_TYPE = YES_ERROR;
				GCC_WARN_UNDECLARED_SELECTOR = YES;
				GCC_WARN_UNINITIALIZED_AUTOS = YES_AGGRESSIVE;
				GCC_WARN_UNUSED_FUNCTION = YES;
				GCC_WARN_UNUSED_VARIABLE = YES;
				IPHONEOS_DEPLOYMENT_TARGET = 10.2;
				MTL_ENABLE_DEBUG_INFO = NO;
				SDKROOT = iphoneos;
				SWIFT_OPTIMIZATION_LEVEL = "-Owholemodule";
				VALIDATE_PRODUCT = YES;
			};
			name = Release;
		};
		98BECC6C1E9D73D300CCFABB /* Debug */ = {
			isa = XCBuildConfiguration;
			buildSettings = {
				ASSETCATALOG_COMPILER_APPICON_NAME = AppIcon;
				DEVELOPMENT_TEAM = 29BFEDRFS6;
				INFOPLIST_FILE = blackout/Info.plist;
				LD_RUNPATH_SEARCH_PATHS = "$(inherited) @executable_path/Frameworks";
				PRODUCT_BUNDLE_IDENTIFIER = "com.cross-a.blackout";
				PRODUCT_NAME = "$(TARGET_NAME)";
				SWIFT_VERSION = 3.0;
			};
			name = Debug;
		};
		98BECC6D1E9D73D300CCFABB /* Release */ = {
			isa = XCBuildConfiguration;
			buildSettings = {
				ASSETCATALOG_COMPILER_APPICON_NAME = AppIcon;
				DEVELOPMENT_TEAM = 29BFEDRFS6;
				INFOPLIST_FILE = blackout/Info.plist;
				LD_RUNPATH_SEARCH_PATHS = "$(inherited) @executable_path/Frameworks";
				PRODUCT_BUNDLE_IDENTIFIER = "com.cross-a.blackout";
				PRODUCT_NAME = "$(TARGET_NAME)";
				SWIFT_VERSION = 3.0;
			};
			name = Release;
		};
/* End XCBuildConfiguration section */

/* Begin XCConfigurationList section */
		98BECC511E9D73D200CCFABB /* Build configuration list for PBXProject "blackout" */ = {
			isa = XCConfigurationList;
			buildConfigurations = (
				98BECC691E9D73D300CCFABB /* Debug */,
				98BECC6A1E9D73D300CCFABB /* Release */,
			);
			defaultConfigurationIsVisible = 0;
			defaultConfigurationName = Release;
		};
		98BECC6B1E9D73D300CCFABB /* Build configuration list for PBXNativeTarget "blackout" */ = {
			isa = XCConfigurationList;
			buildConfigurations = (
				98BECC6C1E9D73D300CCFABB /* Debug */,
				98BECC6D1E9D73D300CCFABB /* Release */,
			);
			defaultConfigurationIsVisible = 0;
		};
/* End XCConfigurationList section */

/* Begin XCVersionGroup section */
		98BECC601E9D73D300CCFABB /* blackout.xcdatamodeld */ = {
			isa = XCVersionGroup;
			children = (
				98BECC611E9D73D300CCFABB /* blackout.xcdatamodel */,
			);
			currentVersion = 98BECC611E9D73D300CCFABB /* blackout.xcdatamodel */;
			path = blackout.xcdatamodeld;
			sourceTree = "<group>";
			versionGroupType = wrapper.xcdatamodel;
		};
/* End XCVersionGroup section */
	};
	rootObject = 98BECC4E1E9D73D200CCFABB /* Project object */;
}
